
Microsoft Visual Studio Solution File, Format Version 12.00
# Visual Studio Version 16
VisualStudioVersion = 16.0.29709.97
MinimumVisualStudioVersion = 10.0.40219.1
Project("{9092AA53-FB77-4645-B42D-1CCCA6BD08BD}") = "TuyaCloud", "TuyaCloud.njsproj", "{1B3F4FBC-6763-4AF7-85D5-5263D348AD0A}"
EndProject
Global
	GlobalSection(SolutionConfigurationPlatforms) = preSolution
		Debug|Any CPU = Debug|Any CPU
		Release|Any CPU = Release|Any CPU
	EndGlobalSection
	GlobalSection(ProjectConfigurationPlatforms) = postSolution
		{1B3F4FBC-6763-4AF7-85D5-5263D348AD0A}.Debug|Any CPU.ActiveCfg = Debug|Any CPU
		{1B3F4FBC-6763-4AF7-85D5-5263D348AD0A}.Debug|Any CPU.Build.0 = Debug|Any CPU
		{1B3F4FBC-6763-4AF7-85D5-5263D348AD0A}.Release|Any CPU.ActiveCfg = Release|Any CPU
		{1B3F4FBC-6763-4AF7-85D5-5263D348AD0A}.Release|Any CPU.Build.0 = Release|Any CPU
	EndGlobalSection
	GlobalSection(SolutionProperties) = preSolution
		HideSolutionNode = FALSE
	EndGlobalSection
	GlobalSection(ExtensibilityGlobals) = postSolution
		SolutionGuid = {9419B675-29FF-47D7-B50E-0D2505CA66C6}
	EndGlobalSection
EndGlobal
